
Microsoft Visual Studio Solution File, Format Version 12.00
# Visual Studio Version 18
VisualStudioVersion = 18.6.11806.211
MinimumVisualStudioVersion = 10.0.40219.1
Project("{FAE04EC0-301F-11D3-BF4B-00C04F79EFBC}") = "ABetterFaviconDownloader", "ABFD\ABetterFaviconDownloader.csproj", "{D336CD55-D045-4D90-8398-59F0A7D419BB}"
EndProject
Project("{FAE04EC0-301F-11D3-BF4B-00C04F79EFBC}") = "KeeTheme", "KeeTheme\KeeTheme\KeeTheme.csproj", "{B82CD066-1BB1-42DB-B75A-F5489EF4A32D}"
	ProjectSection(ProjectDependencies) = postProject
		{D336CD55-D045-4D90-8398-59F0A7D419BB} = {D336CD55-D045-4D90-8398-59F0A7D419BB}
	EndProjectSection
EndProject
Project("{2150E333-8FDC-42A3-9474-1A3956D46DE8}") = "Miscellaneous", "Miscellaneous", "{8C866CAE-F9F6-428C-87C8-44E713ADA92E}"
	ProjectSection(SolutionItems) = preProject
		plgx-sign-version.linq = plgx-sign-version.linq
	EndProjectSection
EndProject
Global
	GlobalSection(SolutionConfigurationPlatforms) = preSolution
		Debug|Any CPU = Debug|Any CPU
		Debug|x86 = Debug|x86
		Release|Any CPU = Release|Any CPU
		Release|x86 = Release|x86
	EndGlobalSection
	GlobalSection(ProjectConfigurationPlatforms) = postSolution
		{D336CD55-D045-4D90-8398-59F0A7D419BB}.Debug|Any CPU.ActiveCfg = Debug|Any CPU
		{D336CD55-D045-4D90-8398-59F0A7D419BB}.Debug|Any CPU.Build.0 = Debug|Any CPU
		{D336CD55-D045-4D90-8398-59F0A7D419BB}.Debug|x86.ActiveCfg = Debug|Any CPU
		{D336CD55-D045-4D90-8398-59F0A7D419BB}.Debug|x86.Build.0 = Debug|Any CPU
		{D336CD55-D045-4D90-8398-59F0A7D419BB}.Release|Any CPU.ActiveCfg = Release|Any CPU
		{D336CD55-D045-4D90-8398-59F0A7D419BB}.Release|Any CPU.Build.0 = Release|Any CPU
		{D336CD55-D045-4D90-8398-59F0A7D419BB}.Release|x86.ActiveCfg = Release|Any CPU
		{D336CD55-D045-4D90-8398-59F0A7D419BB}.Release|x86.Build.0 = Release|Any CPU
		{B82CD066-1BB1-42DB-B75A-F5489EF4A32D}.Debug|Any CPU.ActiveCfg = Debug|Any CPU
		{B82CD066-1BB1-42DB-B75A-F5489EF4A32D}.Debug|Any CPU.Build.0 = Debug|Any CPU
		{B82CD066-1BB1-42DB-B75A-F5489EF4A32D}.Debug|x86.ActiveCfg = Debug|Any CPU
		{B82CD066-1BB1-42DB-B75A-F5489EF4A32D}.Debug|x86.Build.0 = Debug|Any CPU
		{B82CD066-1BB1-42DB-B75A-F5489EF4A32D}.Release|Any CPU.ActiveCfg = Release|Any CPU
		{B82CD066-1BB1-42DB-B75A-F5489EF4A32D}.Release|Any CPU.Build.0 = Release|Any CPU
		{B82CD066-1BB1-42DB-B75A-F5489EF4A32D}.Release|x86.ActiveCfg = Release|Any CPU
		{B82CD066-1BB1-42DB-B75A-F5489EF4A32D}.Release|x86.Build.0 = Release|Any CPU
	EndGlobalSection
	GlobalSection(SolutionProperties) = preSolution
		HideSolutionNode = FALSE
	EndGlobalSection
	GlobalSection(ExtensibilityGlobals) = postSolution
		SolutionGuid = {A527A098-6DBA-423D-B767-69F21CA811F7}
	EndGlobalSection
EndGlobal
